{
  "name": "server",
  "lockfileVersion": 3,
  "requires": true,
  "packages": {
    "": {
      "dependencies": {
        "@opentelemetry/api": "^1.4.1",
        "@opentelemetry/auto-instrumentations-web": "^0.32.2",
        "@opentelemetry/context-zone": "^1.13.0",
        "@opentelemetry/exporter-trace-otlp-http": "^0.39.1",
        "@opentelemetry/exporter-zipkin": "^1.13.0",
        "@opentelemetry/instrumentation-document-load": "^0.32.2",
        "@opentelemetry/sdk-trace-web": "^1.13.0",
        "esbuild": "0.17.19"
      }
    },
    "node_modules/@esbuild/android-arm": {
      "version": "0.17.19",
      "resolved": "https://registry.npmjs.org/@esbuild/android-arm/-/android-arm-0.17.19.tgz",
      "integrity": "sha512-rIKddzqhmav7MSmoFCmDIb6e2W57geRsM94gV2l38fzhXMwq7hZoClug9USI2pFRGL06f4IOPHHpFNOkWieR8A==",
      "cpu": [
        "arm"
      ],
      "license": "MIT",
      "optional": true,
      "os": [
        "android"
      ],
      "engines": {
        "node": ">=12"
      }
    },
    "node_modules/@esbuild/android-arm64": {
      "version": "0.17.19",
      "resolved": "https://registry.npmjs.org/@esbuild/android-arm64/-/android-arm64-0.17.19.tgz",
      "integrity": "sha512-KBMWvEZooR7+kzY0BtbTQn0OAYY7CsiydT63pVEaPtVYF0hXbUaOyZog37DKxK7NF3XacBJOpYT4adIJh+avxA==",
      "cpu": [
        "arm64"
      ],
      "license": "MIT",
      "optional": true,
      "os": [
        "android"
      ],
      "engines": {
        "node": ">=12"
      }
    },
    "node_modules/@esbuild/android-x64": {
      "version": "0.17.19",
      "resolved": "https://registry.npmjs.org/@esbuild/android-x64/-/android-x64-0.17.19.tgz",
      "integrity": "sha512-uUTTc4xGNDT7YSArp/zbtmbhO0uEEK9/ETW29Wk1thYUJBz3IVnvgEiEwEa9IeLyvnpKrWK64Utw2bgUmDveww==",
      "cpu": [
        "x64"
      ],
      "license": "MIT",
      "optional": true,
      "os": [
        "android"
      ],
      "engines": {
        "node": ">=12"
      }
    },
    "node_modules/@esbuild/darwin-arm64": {
      "version": "0.17.19",
      "resolved": "https://registry.npmjs.org/@esbuild/darwin-arm64/-/darwin-arm64-0.17.19.tgz",
      "integrity": "sha512-80wEoCfF/hFKM6WE1FyBHc9SfUblloAWx6FJkFWTWiCoht9Mc0ARGEM47e67W9rI09YoUxJL68WHfDRYEAvOhg==",
      "cpu": [
        "arm64"
      ],
      "license": "MIT",
      "optional": true,
      "os": [
        "darwin"
      ],
      "engines": {
        "node": ">=12"
      }
    },
    "node_modules/@esbuild/darwin-x64": {
      "version": "0.17.19",
      "resolved": "https://registry.npmjs.org/@esbuild/darwin-x64/-/darwin-x64-0.17.19.tgz",
      "integrity": "sha512-IJM4JJsLhRYr9xdtLytPLSH9k/oxR3boaUIYiHkAawtwNOXKE8KoU8tMvryogdcT8AU+Bflmh81Xn6Q0vTZbQw==",
      "cpu": [
        "x64"
      ],
      "license": "MIT",
      "optional": true,
      "os": [
        "darwin"
      ],
      "engines": {
        "node": ">=12"
      }
    },
    "node_modules/@esbuild/freebsd-arm64": {
      "version": "0.17.19",
      "resolved": "https://registry.npmjs.org/@esbuild/freebsd-arm64/-/freebsd-arm64-0.17.19.tgz",
      "integrity": "sha512-pBwbc7DufluUeGdjSU5Si+P3SoMF5DQ/F/UmTSb8HXO80ZEAJmrykPyzo1IfNbAoaqw48YRpv8shwd1NoI0jcQ==",
      "cpu": [
        "arm64"
      ],
      "license": "MIT",
      "optional": true,
      "os": [
        "freebsd"
      ],
      "engines": {
        "node": ">=12"
      }
    },
    "node_modules/@esbuild/freebsd-x64": {
      "version": "0.17.19",
      "resolved": "https://registry.npmjs.org/@esbuild/freebsd-x64/-/freebsd-x64-0.17.19.tgz",
      "integrity": "sha512-4lu+n8Wk0XlajEhbEffdy2xy53dpR06SlzvhGByyg36qJw6Kpfk7cp45DR/62aPH9mtJRmIyrXAS5UWBrJT6TQ==",
      "cpu": [
        "x64"
      ],
      "license": "MIT",
      "optional": true,
      "os": [
        "freebsd"
      ],
      "engines": {
        "node": ">=12"
      }
    },
    "node_modules/@esbuild/linux-arm": {
      "version": "0.17.19",
      "resolved": "https://registry.npmjs.org/@esbuild/linux-arm/-/linux-arm-0.17.19.tgz",
      "integrity": "sha512-cdmT3KxjlOQ/gZ2cjfrQOtmhG4HJs6hhvm3mWSRDPtZ/lP5oe8FWceS10JaSJC13GBd4eH/haHnqf7hhGNLerA==",
      "cpu": [
        "arm"
      ],
      "license": "MIT",
      "optional": true,
      "os": [
        "linux"
      ],
      "engines": {
        "node": ">=12"
      }
    },
    "node_modules/@esbuild/linux-arm64": {
      "version": "0.17.19",
      "resolved": "https://registry.npmjs.org/@esbuild/linux-arm64/-/linux-arm64-0.17.19.tgz",
      "integrity": "sha512-ct1Tg3WGwd3P+oZYqic+YZF4snNl2bsnMKRkb3ozHmnM0dGWuxcPTTntAF6bOP0Sp4x0PjSF+4uHQ1xvxfRKqg==",
      "cpu": [
        "arm64"
      ],
      "license": "MIT",
      "optional": true,
      "os": [
        "linux"
      ],
      "engines": {
        "node": ">=12"
      }
    },
    "node_modules/@esbuild/linux-ia32": {
      "version": "0.17.19",
      "resolved": "https://registry.npmjs.org/@esbuild/linux-ia32/-/linux-ia32-0.17.19.tgz",
      "integrity": "sha512-w4IRhSy1VbsNxHRQpeGCHEmibqdTUx61Vc38APcsRbuVgK0OPEnQ0YD39Brymn96mOx48Y2laBQGqgZ0j9w6SQ==",
      "cpu": [
        "ia32"
      ],
      "license": "MIT",
      "optional": true,
      "os": [
        "linux"
      ],
      "engines": {
        "node": ">=12"
      }
    },
    "node_modules/@esbuild/linux-loong64": {
      "version": "0.17.19",
      "resolved": "https://registry.npmjs.org/@esbuild/linux-loong64/-/linux-loong64-0.17.19.tgz",
      "integrity": "sha512-2iAngUbBPMq439a+z//gE+9WBldoMp1s5GWsUSgqHLzLJ9WoZLZhpwWuym0u0u/4XmZ3gpHmzV84PonE+9IIdQ==",
      "cpu": [
        "loong64"
      ],
      "license": "MIT",
      "optional": true,
      "os": [
        "linux"
      ],
      "engines": {
        "node": ">=12"
      }
    },
    "node_modules/@esbuild/linux-mips64el": {
      "version": "0.17.19",
      "resolved": "https://registry.npmjs.org/@esbuild/linux-mips64el/-/linux-mips64el-0.17.19.tgz",
      "integrity": "sha512-LKJltc4LVdMKHsrFe4MGNPp0hqDFA1Wpt3jE1gEyM3nKUvOiO//9PheZZHfYRfYl6AwdTH4aTcXSqBerX0ml4A==",
      "cpu": [
        "mips64el"
      ],
      "license": "MIT",
      "optional": true,
      "os": [
        "linux"
      ],
      "engines": {
        "node": ">=12"
      }
    },
    "node_modules/@esbuild/linux-ppc64": {
      "version": "0.17.19",
      "resolved": "https://registry.npmjs.org/@esbuild/linux-ppc64/-/linux-ppc64-0.17.19.tgz",
      "integrity": "sha512-/c/DGybs95WXNS8y3Ti/ytqETiW7EU44MEKuCAcpPto3YjQbyK3IQVKfF6nbghD7EcLUGl0NbiL5Rt5DMhn5tg==",
      "cpu": [
        "ppc64"
      ],
      "license": "MIT",
      "optional": true,
      "os": [
        "linux"
      ],
      "engines": {
        "node": ">=12"
      }
    },
    "node_modules/@esbuild/linux-riscv64": {
      "version": "0.17.19",
      "resolved": "https://registry.npmjs.org/@esbuild/linux-riscv64/-/linux-riscv64-0.17.19.tgz",
      "integrity": "sha512-FC3nUAWhvFoutlhAkgHf8f5HwFWUL6bYdvLc/TTuxKlvLi3+pPzdZiFKSWz/PF30TB1K19SuCxDTI5KcqASJqA==",
      "cpu": [
        "riscv64"
      ],
      "license": "MIT",
      "optional": true,
      "os": [
        "linux"
      ],
      "engines": {
        "node": ">=12"
      }
    },
    "node_modules/@esbuild/linux-s390x": {
      "version": "0.17.19",
      "resolved": "https://registry.npmjs.org/@esbuild/linux-s390x/-/linux-s390x-0.17.19.tgz",
      "integrity": "sha512-IbFsFbxMWLuKEbH+7sTkKzL6NJmG2vRyy6K7JJo55w+8xDk7RElYn6xvXtDW8HCfoKBFK69f3pgBJSUSQPr+4Q==",
      "cpu": [
        "s390x"
      ],
      "license": "MIT",
      "optional": true,
      "os": [
        "linux"
      ],
      "engines": {
        "node": ">=12"
      }
    },
    "node_modules/@esbuild/linux-x64": {
      "version": "0.17.19",
      "resolved": "https://registry.npmjs.org/@esbuild/linux-x64/-/linux-x64-0.17.19.tgz",
      "integrity": "sha512-68ngA9lg2H6zkZcyp22tsVt38mlhWde8l3eJLWkyLrp4HwMUr3c1s/M2t7+kHIhvMjglIBrFpncX1SzMckomGw==",
      "cpu": [
        "x64"
      ],
      "license": "MIT",
      "optional": true,
      "os": [
        "linux"
      ],
      "engines": {
        "node": ">=12"
      }
    },
    "node_modules/@esbuild/netbsd-x64": {
      "version": "0.17.19",
      "resolved": "https://registry.npmjs.org/@esbuild/netbsd-x64/-/netbsd-x64-0.17.19.tgz",
      "integrity": "sha512-CwFq42rXCR8TYIjIfpXCbRX0rp1jo6cPIUPSaWwzbVI4aOfX96OXY8M6KNmtPcg7QjYeDmN+DD0Wp3LaBOLf4Q==",
      "cpu": [
        "x64"
      ],
      "license": "MIT",
      "optional": true,
      "os": [
        "netbsd"
      ],
      "engines": {
        "node": ">=12"
      }
    },
    "node_modules/@esbuild/openbsd-x64": {
      "version": "0.17.19",
      "resolved": "https://registry.npmjs.org/@esbuild/openbsd-x64/-/openbsd-x64-0.17.19.tgz",
      "integrity": "sha512-cnq5brJYrSZ2CF6c35eCmviIN3k3RczmHz8eYaVlNasVqsNY+JKohZU5MKmaOI+KkllCdzOKKdPs762VCPC20g==",
      "cpu": [
        "x64"
      ],
      "license": "MIT",
      "optional": true,
      "os": [
        "openbsd"
      ],
      "engines": {
        "node": ">=12"
      }
    },
    "node_modules/@esbuild/sunos-x64": {
      "version": "0.17.19",
      "resolved": "https://registry.npmjs.org/@esbuild/sunos-x64/-/sunos-x64-0.17.19.tgz",
      "integrity": "sha512-vCRT7yP3zX+bKWFeP/zdS6SqdWB8OIpaRq/mbXQxTGHnIxspRtigpkUcDMlSCOejlHowLqII7K2JKevwyRP2rg==",
      "cpu": [
        "x64"
      ],
      "license": "MIT",
      "optional": true,
      "os": [
        "sunos"
      ],
      "engines": {
        "node": ">=12"
      }
    },
    "node_modules/@esbuild/win32-arm64": {
      "version": "0.17.19",
      "resolved": "https://registry.npmjs.org/@esbuild/win32-arm64/-/win32-arm64-0.17.19.tgz",
      "integrity": "sha512-yYx+8jwowUstVdorcMdNlzklLYhPxjniHWFKgRqH7IFlUEa0Umu3KuYplf1HUZZ422e3NU9F4LGb+4O0Kdcaag==",
      "cpu": [
        "arm64"
      ],
      "license": "MIT",
      "optional": true,
      "os": [
        "win32"
      ],
      "engines": {
        "node": ">=12"
      }
    },
    "node_modules/@esbuild/win32-ia32": {
      "version": "0.17.19",
      "resolved": "https://registry.npmjs.org/@esbuild/win32-ia32/-/win32-ia32-0.17.19.tgz",
      "integrity": "sha512-eggDKanJszUtCdlVs0RB+h35wNlb5v4TWEkq4vZcmVt5u/HiDZrTXe2bWFQUez3RgNHwx/x4sk5++4NSSicKkw==",
      "cpu": [
        "ia32"
      ],
      "license": "MIT",
      "optional": true,
      "os": [
        "win32"
      ],
      "engines": {
        "node": ">=12"
      }
    },
    "node_modules/@esbuild/win32-x64": {
      "version": "0.17.19",
      "resolved": "https://registry.npmjs.org/@esbuild/win32-x64/-/win32-x64-0.17.19.tgz",
      "integrity": "sha512-lAhycmKnVOuRYNtRtatQR1LPQf2oYCkRGkSFnseDAKPl8lu5SOsK/e1sXe5a0Pc5kHIHe6P2I/ilntNv2xf3cA==",
      "cpu": [
        "x64"
      ],
      "license": "MIT",
      "optional": true,
      "os": [
        "win32"
      ],
      "engines": {
        "node": ">=12"
      }
    },
    "node_modules/@opentelemetry/api": {
      "version": "1.4.1",
      "resolved": "https://registry.npmjs.org/@opentelemetry/api/-/api-1.4.1.tgz",
      "integrity": "sha512-O2yRJce1GOc6PAy3QxFM4NzFiWzvScDC1/5ihYBL6BUEVdq0XMWN01sppE+H6bBXbaFYipjwFLEWLg5PaSOThA==",
      "license": "Apache-2.0",
      "engines": {
        "node": ">=8.0.0"
      }
    },
    "node_modules/@opentelemetry/api-logs": {
      "version": "0.39.1",
      "resolved": "https://registry.npmjs.org/@opentelemetry/api-logs/-/api-logs-0.39.1.tgz",
      "integrity": "sha512-9BJ8lMcOzEN0lu+Qji801y707oFO4xT3db6cosPvl+k7ItUHKN5ofWqtSbM9gbt1H4JJ/4/2TVrqI9Rq7hNv6Q==",
      "license": "Apache-2.0",
      "dependencies": {
        "@opentelemetry/api": "^1.0.0"
      },
      "engines": {
        "node": ">=14"
      }
    },
    "node_modules/@opentelemetry/auto-instrumentations-web": {
      "version": "0.32.3",
      "resolved": "https://registry.npmjs.org/@opentelemetry/auto-instrumentations-web/-/auto-instrumentations-web-0.32.3.tgz",
      "integrity": "sha512-9OrTwEzfKGhK5V3evCnmqkjCgJ8rf0OHDf+zcbw3tKEQJzjmNpL91KR04RkO8g0aBLd2xJEx8obzD/JBUsWWqg==",
      "license": "Apache-2.0",
      "dependencies": {
        "@opentelemetry/instrumentation": "^0.40.0",
        "@opentelemetry/instrumentation-document-load": "^0.32.3",
        "@opentelemetry/instrumentation-fetch": "^0.40.0",
        "@opentelemetry/instrumentation-user-interaction": "^0.32.4",
        "@opentelemetry/instrumentation-xml-http-request": "^0.40.0"
      },
      "engines": {
        "node": ">=14"
      },
      "peerDependencies": {
        "@opentelemetry/api": "^1.3.0"
      }
    },
    "node_modules/@opentelemetry/context-zone": {
      "version": "1.30.0",
      "resolved": "https://registry.npmjs.org/@opentelemetry/context-zone/-/context-zone-1.30.0.tgz",
      "integrity": "sha512-iN/l3LJUST1XXTLLoZionIfaBxgMXUnnmbAs4DJa50xHVDn9qvQUfeI0WCfPHetfAUyC0oAYlUycXEtTZE3XIQ==",
      "license": "Apache-2.0",
      "dependencies": {
        "@opentelemetry/context-zone-peer-dep": "1.30.0",
        "zone.js": "^0.11.0 || ^0.12.0 || ^0.13.0 || ^0.14.0 || ^0.15.0"
      },
      "engines": {
        "node": ">=14"
      }
    },
    "node_modules/@opentelemetry/context-zone-peer-dep": {
      "version": "1.30.0",
      "resolved": "https://registry.npmjs.org/@opentelemetry/context-zone-peer-dep/-/context-zone-peer-dep-1.30.0.tgz",
      "integrity": "sha512-5T3cM1f6hnHUodbZK6X61wtRKT4q0dmITJolwXSN5XA55WLpkTY0D6u4WhNYDybvOd6/nWxsSVeACUyMa22few==",
      "license": "Apache-2.0",
      "engines": {
        "node": ">=14"
      },
      "peerDependencies": {
        "@opentelemetry/api": ">=1.0.0 <1.10.0",
        "zone.js": "^0.10.2 || ^0.11.0 || ^0.12.0 || ^0.13.0 || ^0.14.0 || ^0.15.0"
      }
    },
    "node_modules/@opentelemetry/core": {
      "version": "1.13.0",
      "resolved": "https://registry.npmjs.org/@opentelemetry/core/-/core-1.13.0.tgz",
      "integrity": "sha512-2dBX3Sj99H96uwJKvc2w9NOiNgbvAO6mOFJFramNkKfS9O4Um+VWgpnlAazoYjT6kUJ1MP70KQ5ngD4ed+4NUw==",
      "license": "Apache-2.0",
      "dependencies": {
        "@opentelemetry/semantic-conventions": "1.13.0"
      },
      "engines": {
        "node": ">=14"
      },
      "peerDependencies": {
        "@opentelemetry/api": ">=1.0.0 <1.5.0"
      }
    },
    "node_modules/@opentelemetry/exporter-trace-otlp-http": {
      "version": "0.39.1",
      "resolved": "https://registry.npmjs.org/@opentelemetry/exporter-trace-otlp-http/-/exporter-trace-otlp-http-0.39.1.tgz",
      "integrity": "sha512-AEhnJfVmo1g+7NxszAuf3c6vddld2DGH2+IM4XrPxCklucCsIpuStuC5EVZbCXXXBMpAY+n3t04QMxIQqNrcSw==",
      "license": "Apache-2.0",
      "dependencies": {
        "@opentelemetry/core": "1.13.0",
        "@opentelemetry/otlp-exporter-base": "0.39.1",
        "@opentelemetry/otlp-transformer": "0.39.1",
        "@opentelemetry/resources": "1.13.0",
        "@opentelemetry/sdk-trace-base": "1.13.0"
      },
      "engines": {
        "node": ">=14"
      },
      "peerDependencies": {
        "@opentelemetry/api": "^1.0.0"
      }
    },
    "node_modules/@opentelemetry/exporter-zipkin": {
      "version": "1.30.0",
      "resolved": "https://registry.npmjs.org/@opentelemetry/exporter-zipkin/-/exporter-zipkin-1.30.0.tgz",
      "integrity": "sha512-HQUBmXYuuHIIoB1YFukNq7QtWQPqwQh5SN28coUXmN8nCOxaqnEBKIAN+7RQU7BX7NDcNSXpL2shctH/roKL3A==",
      "license": "Apache-2.0",
      "dependencies": {
        "@opentelemetry/core": "1.30.0",
        "@opentelemetry/resources": "1.30.0",
        "@opentelemetry/sdk-trace-base": "1.30.0",
        "@opentelemetry/semantic-conventions": "1.28.0"
      },
      "engines": {
        "node": ">=14"
      },
      "peerDependencies": {
        "@opentelemetry/api": "^1.0.0"
      }
    },
    "node_modules/@opentelemetry/exporter-zipkin/node_modules/@opentelemetry/core": {
      "version": "1.30.0",
      "resolved": "https://registry.npmjs.org/@opentelemetry/core/-/core-1.30.0.tgz",
      "integrity": "sha512-Q/3u/K73KUjTCnFUP97ZY+pBjQ1kPEgjOfXj/bJl8zW7GbXdkw6cwuyZk6ZTXkVgCBsYRYUzx4fvYK1jxdb9MA==",
      "license": "Apache-2.0",
      "dependencies": {
        "@opentelemetry/semantic-conventions": "1.28.0"
      },
      "engines": {
        "node": ">=14"
      },
      "peerDependencies": {
        "@opentelemetry/api": ">=1.0.0 <1.10.0"
      }
    },
    "node_modules/@opentelemetry/exporter-zipkin/node_modules/@opentelemetry/resources": {
      "version": "1.30.0",
      "resolved": "https://registry.npmjs.org/@opentelemetry/resources/-/resources-1.30.0.tgz",
      "integrity": "sha512-5mGMjL0Uld/99t7/pcd7CuVtJbkARckLVuiOX84nO8RtLtIz0/J6EOHM2TGvPZ6F4K+XjUq13gMx14w80SVCQg==",
      "license": "Apache-2.0",
      "dependencies": {
        "@opentelemetry/core": "1.30.0",
        "@opentelemetry/semantic-conventions": "1.28.0"
      },
      "engines": {
        "node": ">=14"
      },
      "peerDependencies": {
        "@opentelemetry/api": ">=1.0.0 <1.10.0"
      }
    },
    "node_modules/@opentelemetry/exporter-zipkin/node_modules/@opentelemetry/sdk-trace-base": {
      "version": "1.30.0",
      "resolved": "https://registry.npmjs.org/@opentelemetry/sdk-trace-base/-/sdk-trace-base-1.30.0.tgz",
      "integrity": "sha512-RKQDaDIkV7PwizmHw+rE/FgfB2a6MBx+AEVVlAHXRG1YYxLiBpPX2KhmoB99R5vA4b72iJrjle68NDWnbrE9Dg==",
      "license": "Apache-2.0",
      "dependencies": {
        "@opentelemetry/core": "1.30.0",
        "@opentelemetry/resources": "1.30.0",
        "@opentelemetry/semantic-conventions": "1.28.0"
      },
      "engines": {
        "node": ">=14"
      },
      "peerDependencies": {
        "@opentelemetry/api": ">=1.0.0 <1.10.0"
      }
    },
    "node_modules/@opentelemetry/exporter-zipkin/node_modules/@opentelemetry/semantic-conventions": {
      "version": "1.28.0",
      "resolved": "https://registry.npmjs.org/@opentelemetry/semantic-conventions/-/semantic-conventions-1.28.0.tgz",
      "integrity": "sha512-lp4qAiMTD4sNWW4DbKLBkfiMZ4jbAboJIGOQr5DvciMRI494OapieI9qiODpOt0XBr1LjIDy1xAGAnVs5supTA==",
      "license": "Apache-2.0",
      "engines": {
        "node": ">=14"
      }
    },
    "node_modules/@opentelemetry/instrumentation": {
      "version": "0.40.0",
      "resolved": "https://registry.npmjs.org/@opentelemetry/instrumentation/-/instrumentation-0.40.0.tgz",
      "integrity": "sha512-23TzBKPflUS1uEq5SXymnQKQDSda35KvHjnvxdcDQGE+wg6hwDHgScUCWiBmZW4sxAaPcANfs+Wc9B7yDuyT6Q==",
      "license": "Apache-2.0",
      "dependencies": {
        "@types/shimmer": "^1.0.2",
        "import-in-the-middle": "1.3.5",
        "require-in-the-middle": "^7.1.0",
        "semver": "^7.3.2",
        "shimmer": "^1.2.1"
      },
      "engines": {
        "node": ">=14"
      },
      "peerDependencies": {
        "@opentelemetry/api": "^1.3.0"
      }
    },
    "node_modules/@opentelemetry/instrumentation-document-load": {
      "version": "0.32.3",
      "resolved": "https://registry.npmjs.org/@opentelemetry/instrumentation-document-load/-/instrumentation-document-load-0.32.3.tgz",
      "integrity": "sha512-eK7ywJXlXsVYzAqpX8RikpEvJFIUOtKCybCdq68lsv2MVwx0Jev0Kycc+q+1mvKQBuhvEVk/5WEUSV9bbVn6qQ==",
      "license": "Apache-2.0",
      "dependencies": {
        "@opentelemetry/core": "^1.8.0",
        "@opentelemetry/instrumentation": "^0.40.0",
        "@opentelemetry/sdk-trace-base": "^1.0.0",
        "@opentelemetry/sdk-trace-web": "^1.8.0",
        "@opentelemetry/semantic-conventions": "^1.0.0"
      },
      "engines": {
        "node": ">=14"
      },
      "peerDependencies": {
        "@opentelemetry/api": "^1.3.0"
      }
    },
    "node_modules/@opentelemetry/instrumentation-fetch": {
      "version": "0.40.0",
      "resolved": "https://registry.npmjs.org/@opentelemetry/instrumentation-fetch/-/instrumentation-fetch-0.40.0.tgz",
      "integrity": "sha512-2rjcU5EO5etuO0bV3WkQ7CU0U4EugdH8FB0USiV7J1VyT2+OYNRZtwwcMQ2uh/2DwjJeEf7dTgpx3tNy5s+eZg==",
      "license": "Apache-2.0",
      "dependencies": {
        "@opentelemetry/core": "1.14.0",
        "@opentelemetry/instrumentation": "0.40.0",
        "@opentelemetry/sdk-trace-web": "1.14.0",
        "@opentelemetry/semantic-conventions": "1.14.0"
      },
      "engines": {
        "node": ">=14"
      },
      "peerDependencies": {
        "@opentelemetry/api": "^1.0.0"
      }
    },
    "node_modules/@opentelemetry/instrumentation-fetch/node_modules/@opentelemetry/core": {
      "version": "1.14.0",
      "resolved": "https://registry.npmjs.org/@opentelemetry/core/-/core-1.14.0.tgz",
      "integrity": "sha512-MnMZ+sxsnlzloeuXL2nm5QcNczt/iO82UOeQQDHhV83F2fP3sgntW2evvtoxJki0MBLxEsh5ADD7PR/Hn5uzjw==",
      "license": "Apache-2.0",
      "dependencies": {
        "@opentelemetry/semantic-conventions": "1.14.0"
      },
      "engines": {
        "node": ">=14"
      },
      "peerDependencies": {
        "@opentelemetry/api": ">=1.0.0 <1.5.0"
      }
    },
    "node_modules/@opentelemetry/instrumentation-fetch/node_modules/@opentelemetry/resources": {
      "version": "1.14.0",
      "resolved": "https://registry.npmjs.org/@opentelemetry/resources/-/resources-1.14.0.tgz",
      "integrity": "sha512-qRfWIgBxxl3z47E036Aey0Lj2ZjlFb27Q7Xnj1y1z/P293RXJZGLtcfn/w8JF7v1Q2hs3SDGxz7Wb9Dko1YUQA==",
      "license": "Apache-2.0",
      "dependencies": {
        "@opentelemetry/core": "1.14.0",
        "@opentelemetry/semantic-conventions": "1.14.0"
      },
      "engines": {
        "node": ">=14"
      },
      "peerDependencies": {
        "@opentelemetry/api": ">=1.0.0 <1.5.0"
      }
    },
    "node_modules/@opentelemetry/instrumentation-fetch/node_modules/@opentelemetry/sdk-trace-base": {
      "version": "1.14.0",
      "resolved": "https://registry.npmjs.org/@opentelemetry/sdk-trace-base/-/sdk-trace-base-1.14.0.tgz",
      "integrity": "sha512-NzRGt3PS+HPKfQYMb6Iy8YYc5OKA73qDwci/6ujOIvyW9vcqBJSWbjZ8FeLEAmuatUB5WrRhEKu9b0sIiIYTrQ==",
      "license": "Apache-2.0",
      "dependencies": {
        "@opentelemetry/core": "1.14.0",
        "@opentelemetry/resources": "1.14.0",
        "@opentelemetry/semantic-conventions": "1.14.0"
      },
      "engines": {
        "node": ">=14"
      },
      "peerDependencies": {
        "@opentelemetry/api": ">=1.0.0 <1.5.0"
      }
    },
    "node_modules/@opentelemetry/instrumentation-fetch/node_modules/@opentelemetry/sdk-trace-web": {
      "version": "1.14.0",
      "resolved": "https://registry.npmjs.org/@opentelemetry/sdk-trace-web/-/sdk-trace-web-1.14.0.tgz",
      "integrity": "sha512-W8oNs2gUzP0lZ1VT7lI70aEKJ+MEshqpKDc+0o52nnRur0Z5AKI8/l57qXHXGD+31ImYvOGiY8OiSK6/8GCrZQ==",
      "license": "Apache-2.0",
      "dependencies": {
        "@opentelemetry/core": "1.14.0",
        "@opentelemetry/sdk-trace-base": "1.14.0",
        "@opentelemetry/semantic-conventions": "1.14.0"
      },
      "engines": {
        "node": ">=14"
      },
      "peerDependencies": {
        "@opentelemetry/api": ">=1.0.0 <1.5.0"
      }
    },
    "node_modules/@opentelemetry/instrumentation-fetch/node_modules/@opentelemetry/semantic-conventions": {
      "version": "1.14.0",
      "resolved": "https://registry.npmjs.org/@opentelemetry/semantic-conventions/-/semantic-conventions-1.14.0.tgz",
      "integrity": "sha512-rJfCY8rCWz3cb4KI6pEofnytvMPuj3YLQwoscCCYZ5DkdiPjo15IQ0US7+mjcWy9H3fcZIzf2pbJZ7ck/h4tug==",
      "license": "Apache-2.0",
      "engines": {
        "node": ">=14"
      }
    },
    "node_modules/@opentelemetry/instrumentation-user-interaction": {
      "version": "0.32.4",
      "resolved": "https://registry.npmjs.org/@opentelemetry/instrumentation-user-interaction/-/instrumentation-user-interaction-0.32.4.tgz",
      "integrity": "sha512-keFfcPuKhtfvHgBCG7VdlwRP7ezpWqbwCinTPRnMDRvFqcGVgk6HwPXkbMDs2CtQm+a1Hal7Tg93RYy82F6XEA==",
      "license": "Apache-2.0",
      "dependencies": {
        "@opentelemetry/core": "^1.8.0",
        "@opentelemetry/instrumentation": "^0.40.0",
        "@opentelemetry/sdk-trace-web": "^1.8.0"
      },
      "engines": {
        "node": ">=14"
      },
      "peerDependencies": {
        "@opentelemetry/api": "^1.3.0",
        "zone.js": "0.11.4"
      }
    },
    "node_modules/@opentelemetry/instrumentation-xml-http-request": {
      "version": "0.40.0",
      "resolved": "https://registry.npmjs.org/@opentelemetry/instrumentation-xml-http-request/-/instrumentation-xml-http-request-0.40.0.tgz",
      "integrity": "sha512-T+79t3cKc2wjCFCDo0pUbGHMYBDEQX+IuMxtplDKIuCqbyjn0gBhi+n5KE/P07s0AWjRuJkGjRoY+gERfc5dJA==",
      "license": "Apache-2.0",
      "dependencies": {
        "@opentelemetry/core": "1.14.0",
        "@opentelemetry/instrumentation": "0.40.0",
        "@opentelemetry/sdk-trace-web": "1.14.0",
        "@opentelemetry/semantic-conventions": "1.14.0"
      },
      "engines": {
        "node": ">=14"
      },
      "peerDependencies": {
        "@opentelemetry/api": "^1.0.0"
      }
    },
    "node_modules/@opentelemetry/instrumentation-xml-http-request/node_modules/@opentelemetry/core": {
      "version": "1.14.0",
      "resolved": "https://registry.npmjs.org/@opentelemetry/core/-/core-1.14.0.tgz",
      "integrity": "sha512-MnMZ+sxsnlzloeuXL2nm5QcNczt/iO82UOeQQDHhV83F2fP3sgntW2evvtoxJki0MBLxEsh5ADD7PR/Hn5uzjw==",
      "license": "Apache-2.0",
      "dependencies": {
        "@opentelemetry/semantic-conventions": "1.14.0"
      },
      "engines": {
        "node": ">=14"
      },
      "peerDependencies": {
        "@opentelemetry/api": ">=1.0.0 <1.5.0"
      }
    },
    "node_modules/@opentelemetry/instrumentation-xml-http-request/node_modules/@opentelemetry/resources": {
      "version": "1.14.0",
      "resolved": "https://registry.npmjs.org/@opentelemetry/resources/-/resources-1.14.0.tgz",
      "integrity": "sha512-qRfWIgBxxl3z47E036Aey0Lj2ZjlFb27Q7Xnj1y1z/P293RXJZGLtcfn/w8JF7v1Q2hs3SDGxz7Wb9Dko1YUQA==",
      "license": "Apache-2.0",
      "dependencies": {
        "@opentelemetry/core": "1.14.0",
        "@opentelemetry/semantic-conventions": "1.14.0"
      },
      "engines": {
        "node": ">=14"
      },
      "peerDependencies": {
        "@opentelemetry/api": ">=1.0.0 <1.5.0"
      }
    },
    "node_modules/@opentelemetry/instrumentation-xml-http-request/node_modules/@opentelemetry/sdk-trace-base": {
      "version": "1.14.0",
      "resolved": "https://registry.npmjs.org/@opentelemetry/sdk-trace-base/-/sdk-trace-base-1.14.0.tgz",
      "integrity": "sha512-NzRGt3PS+HPKfQYMb6Iy8YYc5OKA73qDwci/6ujOIvyW9vcqBJSWbjZ8FeLEAmuatUB5WrRhEKu9b0sIiIYTrQ==",
      "license": "Apache-2.0",
      "dependencies": {
        "@opentelemetry/core": "1.14.0",
        "@opentelemetry/resources": "1.14.0",
        "@opentelemetry/semantic-conventions": "1.14.0"
      },
      "engines": {
        "node": ">=14"
      },
      "peerDependencies": {
        "@opentelemetry/api": ">=1.0.0 <1.5.0"
      }
    },
    "node_modules/@opentelemetry/instrumentation-xml-http-request/node_modules/@opentelemetry/sdk-trace-web": {
      "version": "1.14.0",
      "resolved": "https://registry.npmjs.org/@opentelemetry/sdk-trace-web/-/sdk-trace-web-1.14.0.tgz",
      "integrity": "sha512-W8oNs2gUzP0lZ1VT7lI70aEKJ+MEshqpKDc+0o52nnRur0Z5AKI8/l57qXHXGD+31ImYvOGiY8OiSK6/8GCrZQ==",
      "license": "Apache-2.0",
      "dependencies": {
        "@opentelemetry/core": "1.14.0",
        "@opentelemetry/sdk-trace-base": "1.14.0",
        "@opentelemetry/semantic-conventions": "1.14.0"
      },
      "engines": {
        "node": ">=14"
      },
      "peerDependencies": {
        "@opentelemetry/api": ">=1.0.0 <1.5.0"
      }
    },
    "node_modules/@opentelemetry/instrumentation-xml-http-request/node_modules/@opentelemetry/semantic-conventions": {
      "version": "1.14.0",
      "resolved": "https://registry.npmjs.org/@opentelemetry/semantic-conventions/-/semantic-conventions-1.14.0.tgz",
      "integrity": "sha512-rJfCY8rCWz3cb4KI6pEofnytvMPuj3YLQwoscCCYZ5DkdiPjo15IQ0US7+mjcWy9H3fcZIzf2pbJZ7ck/h4tug==",
      "license": "Apache-2.0",
      "engines": {
        "node": ">=14"
      }
    },
    "node_modules/@opentelemetry/otlp-exporter-base": {
      "version": "0.39.1",
      "resolved": "https://registry.npmjs.org/@opentelemetry/otlp-exporter-base/-/otlp-exporter-base-0.39.1.tgz",
      "integrity": "sha512-Pv5X8fbi6jD/RJBePyn7MnCSuE6MbPB6dl+7YYBWJ5RcMGYMwvLXjd4h2jWsPV2TSUg38H/RoSP0aXvQ06Y7iw==",
      "license": "Apache-2.0",
      "dependencies": {
        "@opentelemetry/core": "1.13.0"
      },
      "engines": {
        "node": ">=14"
      },
      "peerDependencies": {
        "@opentelemetry/api": "^1.0.0"
      }
    },
    "node_modules/@opentelemetry/otlp-transformer": {
      "version": "0.39.1",
      "resolved": "https://registry.npmjs.org/@opentelemetry/otlp-transformer/-/otlp-transformer-0.39.1.tgz",
      "integrity": "sha512-0hgVnXXz5efI382B/24NxD4b6Zxlh7nxCdJkxkdmQMbn0yRiwoq/ZT+QG8eUL6JNzsBAV1WJlF5aJNsL8skHvw==",
      "license": "Apache-2.0",
      "dependencies": {
        "@opentelemetry/api-logs": "0.39.1",
        "@opentelemetry/core": "1.13.0",
        "@opentelemetry/resources": "1.13.0",
        "@opentelemetry/sdk-logs": "0.39.1",
        "@opentelemetry/sdk-metrics": "1.13.0",
        "@opentelemetry/sdk-trace-base": "1.13.0"
      },
      "engines": {
        "node": ">=14"
      },
      "peerDependencies": {
        "@opentelemetry/api": ">=1.3.0 <1.5.0"
      }
    },
    "node_modules/@opentelemetry/resources": {
      "version": "1.13.0",
      "resolved": "https://registry.npmjs.org/@opentelemetry/resources/-/resources-1.13.0.tgz",
      "integrity": "sha512-euqjOkiN6xhjE//0vQYGvbStxoD/WWQRhDiO0OTLlnLBO9Yw2Gd/VoSx2H+svsebjzYk5OxLuREBmcdw6rbUNg==",
      "license": "Apache-2.0",
      "dependencies": {
        "@opentelemetry/core": "1.13.0",
        "@opentelemetry/semantic-conventions": "1.13.0"
      },
      "engines": {
        "node": ">=14"
      },
      "peerDependencies": {
        "@opentelemetry/api": ">=1.0.0 <1.5.0"
      }
    },
    "node_modules/@opentelemetry/sdk-logs": {
      "version": "0.39.1",
      "resolved": "https://registry.npmjs.org/@opentelemetry/sdk-logs/-/sdk-logs-0.39.1.tgz",
      "integrity": "sha512-/gmgKfZ1ZVFporKuwsewqIyvaUIGpv76JZ7lBpHQQPb37IMpaXO6pdqFI4ebHAWfNIm3akMyhmdtzivcgF3lgw==",
      "license": "Apache-2.0",
      "dependencies": {
        "@opentelemetry/core": "1.13.0",
        "@opentelemetry/resources": "1.13.0"
      },
      "engines": {
        "node": ">=14"
      },
      "peerDependencies": {
        "@opentelemetry/api": ">=1.4.0 <1.5.0",
        "@opentelemetry/api-logs": ">=0.38.0"
      }
    },
    "node_modules/@opentelemetry/sdk-metrics": {
      "version": "1.13.0",
      "resolved": "https://registry.npmjs.org/@opentelemetry/sdk-metrics/-/sdk-metrics-1.13.0.tgz",
      "integrity": "sha512-MOjZX6AnSOqLliCcZUrb+DQKjAWXBiGeICGbHAGe5w0BB18PJIeIo995lO5JSaFfHpmUMgJButTPfJJD27W3Vg==",
      "license": "Apache-2.0",
      "dependencies": {
        "@opentelemetry/core": "1.13.0",
        "@opentelemetry/resources": "1.13.0",
        "lodash.merge": "4.6.2"
      },
      "engines": {
        "node": ">=14"
      },
      "peerDependencies": {
        "@opentelemetry/api": ">=1.3.0 <1.5.0"
      }
    },
    "node_modules/@opentelemetry/sdk-trace-base": {
      "version": "1.13.0",
      "resolved": "https://registry.npmjs.org/@opentelemetry/sdk-trace-base/-/sdk-trace-base-1.13.0.tgz",
      "integrity": "sha512-moTiQtc0uPR1hQLt6gLDJH9IIkeBhgRb71OKjNHZPE1VF45fHtD6nBDi5J/DkTHTwYP5X3kBJLa3xN7ub6J4eg==",
      "license": "Apache-2.0",
      "dependencies": {
        "@opentelemetry/core": "1.13.0",
        "@opentelemetry/resources": "1.13.0",
        "@opentelemetry/semantic-conventions": "1.13.0"
      },
      "engines": {
        "node": ">=14"
      },
      "peerDependencies": {
        "@opentelemetry/api": ">=1.0.0 <1.5.0"
      }
    },
    "node_modules/@opentelemetry/sdk-trace-web": {
      "version": "1.30.0",
      "resolved": "https://registry.npmjs.org/@opentelemetry/sdk-trace-web/-/sdk-trace-web-1.30.0.tgz",
      "integrity": "sha512-tSsPbaOQqmkfSkRkMnv1T8au2hwlv3v5ZUGmRwc7zIL1hokhZKg5qhqTsvrWvRENlZ7+J9+cXZFKIMNKHodyhQ==",
      "license": "Apache-2.0",
      "dependencies": {
        "@opentelemetry/core": "1.30.0",
        "@opentelemetry/sdk-trace-base": "1.30.0",
        "@opentelemetry/semantic-conventions": "1.28.0"
      },
      "engines": {
        "node": ">=14"
      },
      "peerDependencies": {
        "@opentelemetry/api": ">=1.0.0 <1.10.0"
      }
    },
    "node_modules/@opentelemetry/sdk-trace-web/node_modules/@opentelemetry/core": {
      "version": "1.30.0",
      "resolved": "https://registry.npmjs.org/@opentelemetry/core/-/core-1.30.0.tgz",
      "integrity": "sha512-Q/3u/K73KUjTCnFUP97ZY+pBjQ1kPEgjOfXj/bJl8zW7GbXdkw6cwuyZk6ZTXkVgCBsYRYUzx4fvYK1jxdb9MA==",
      "license": "Apache-2.0",
      "dependencies": {
        "@opentelemetry/semantic-conventions": "1.28.0"
      },
      "engines": {
        "node": ">=14"
      },
      "peerDependencies": {
        "@opentelemetry/api": ">=1.0.0 <1.10.0"
      }
    },
    "node_modules/@opentelemetry/sdk-trace-web/node_modules/@opentelemetry/resources": {
      "version": "1.30.0",
      "resolved": "https://registry.npmjs.org/@opentelemetry/resources/-/resources-1.30.0.tgz",
      "integrity": "sha512-5mGMjL0Uld/99t7/pcd7CuVtJbkARckLVuiOX84nO8RtLtIz0/J6EOHM2TGvPZ6F4K+XjUq13gMx14w80SVCQg==",
      "license": "Apache-2.0",
      "dependencies": {
        "@opentelemetry/core": "1.30.0",
        "@opentelemetry/semantic-conventions": "1.28.0"
      },
      "engines": {
        "node": ">=14"
      },
      "peerDependencies": {
        "@opentelemetry/api": ">=1.0.0 <1.10.0"
      }
    },
    "node_modules/@opentelemetry/sdk-trace-web/node_modules/@opentelemetry/sdk-trace-base": {
      "version": "1.30.0",
      "resolved": "https://registry.npmjs.org/@opentelemetry/sdk-trace-base/-/sdk-trace-base-1.30.0.tgz",
      "integrity": "sha512-RKQDaDIkV7PwizmHw+rE/FgfB2a6MBx+AEVVlAHXRG1YYxLiBpPX2KhmoB99R5vA4b72iJrjle68NDWnbrE9Dg==",
      "license": "Apache-2.0",
      "dependencies": {
        "@opentelemetry/core": "1.30.0",
        "@opentelemetry/resources": "1.30.0",
        "@opentelemetry/semantic-conventions": "1.28.0"
      },
      "engines": {
        "node": ">=14"
      },
      "peerDependencies": {
        "@opentelemetry/api": ">=1.0.0 <1.10.0"
      }
    },
    "node_modules/@opentelemetry/sdk-trace-web/node_modules/@opentelemetry/semantic-conventions": {
      "version": "1.28.0",
      "resolved": "https://registry.npmjs.org/@opentelemetry/semantic-conventions/-/semantic-conventions-1.28.0.tgz",
      "integrity": "sha512-lp4qAiMTD4sNWW4DbKLBkfiMZ4jbAboJIGOQr5DvciMRI494OapieI9qiODpOt0XBr1LjIDy1xAGAnVs5supTA==",
      "license": "Apache-2.0",
      "engines": {
        "node": ">=14"
      }
    },
    "node_modules/@opentelemetry/semantic-conventions": {
      "version": "1.13.0",
      "resolved": "https://registry.npmjs.org/@opentelemetry/semantic-conventions/-/semantic-conventions-1.13.0.tgz",
      "integrity": "sha512-LMGqfSZkaMQXqewO0o1wvWr/2fQdCh4a3Sqlxka/UsJCe0cfLulh6x2aqnKLnsrSGiCq5rSCwvINd152i0nCqw==",
      "license": "Apache-2.0",
      "engines": {
        "node": ">=14"
      }
    },
    "node_modules/@types/shimmer": {
      "version": "1.2.0",
      "resolved": "https://registry.npmjs.org/@types/shimmer/-/shimmer-1.2.0.tgz",
      "integrity": "sha512-UE7oxhQLLd9gub6JKIAhDq06T0F6FnztwMNRvYgjeQSBeMc1ZG/tA47EwfduvkuQS8apbkM/lpLpWsaCeYsXVg==",
      "license": "MIT"
    },
    "node_modules/debug": {
      "version": "4.4.0",
      "resolved": "https://registry.npmjs.org/debug/-/debug-4.4.0.tgz",
      "integrity": "sha512-6WTZ/IxCY/T6BALoZHaE4ctp9xm+Z5kY/pzYaCHRFeyVhojxlrm+46y68HA6hr0TcwEssoxNiDEUJQjfPZ/RYA==",
      "license": "MIT",
      "dependencies": {
        "ms": "^2.1.3"
      },
      "engines": {
        "node": ">=6.0"
      },
      "peerDependenciesMeta": {
        "supports-color": {
          "optional": true
        }
      }
    },
    "node_modules/esbuild": {
      "version": "0.17.19",
      "resolved": "https://registry.npmjs.org/esbuild/-/esbuild-0.17.19.tgz",
      "integrity": "sha512-XQ0jAPFkK/u3LcVRcvVHQcTIqD6E2H1fvZMA5dQPSOWb3suUbWbfbRf94pjc0bNzRYLfIrDRQXr7X+LHIm5oHw==",
      "hasInstallScript": true,
      "license": "MIT",
      "bin": {
        "esbuild": "bin/esbuild"
      },
      "engines": {
        "node": ">=12"
      },
      "optionalDependencies": {
        "@esbuild/android-arm": "0.17.19",
        "@esbuild/android-arm64": "0.17.19",
        "@esbuild/android-x64": "0.17.19",
        "@esbuild/darwin-arm64": "0.17.19",
        "@esbuild/darwin-x64": "0.17.19",
        "@esbuild/freebsd-arm64": "0.17.19",
        "@esbuild/freebsd-x64": "0.17.19",
        "@esbuild/linux-arm": "0.17.19",
        "@esbuild/linux-arm64": "0.17.19",
        "@esbuild/linux-ia32": "0.17.19",
        "@esbuild/linux-loong64": "0.17.19",
        "@esbuild/linux-mips64el": "0.17.19",
        "@esbuild/linux-ppc64": "0.17.19",
        "@esbuild/linux-riscv64": "0.17.19",
        "@esbuild/linux-s390x": "0.17.19",
        "@esbuild/linux-x64": "0.17.19",
        "@esbuild/netbsd-x64": "0.17.19",
        "@esbuild/openbsd-x64": "0.17.19",
        "@esbuild/sunos-x64": "0.17.19",
        "@esbuild/win32-arm64": "0.17.19",
        "@esbuild/win32-ia32": "0.17.19",
        "@esbuild/win32-x64": "0.17.19"
      }
    },
    "node_modules/function-bind": {
      "version": "1.1.2",
      "resolved": "https://registry.npmjs.org/function-bind/-/function-bind-1.1.2.tgz",
      "integrity": "sha512-7XHNxH7qX9xG5mIwxkhumTox/MIRNcOgDrxWsMt2pAr23WHp6MrRlN7FBSFpCpr+oVO0F744iUgR82nJMfG2SA==",
      "license": "MIT",
      "funding": {
        "url": "https://github.com/sponsors/ljharb"
      }
    },
    "node_modules/hasown": {
      "version": "2.0.2",
      "resolved": "https://registry.npmjs.org/hasown/-/hasown-2.0.2.tgz",
      "integrity": "sha512-0hJU9SCPvmMzIBdZFqNPXWa6dqh7WdH0cII9y+CyS8rG3nL48Bclra9HmKhVVUHyPWNH5Y7xDwAB7bfgSjkUMQ==",
      "license": "MIT",
      "dependencies": {
        "function-bind": "^1.1.2"
      },
      "engines": {
        "node": ">= 0.4"
      }
    },
    "node_modules/import-in-the-middle": {
      "version": "1.3.5",
      "resolved": "https://registry.npmjs.org/import-in-the-middle/-/import-in-the-middle-1.3.5.tgz",
      "integrity": "sha512-yzHlBqi1EBFrkieAnSt8eTgO5oLSl+YJ7qaOpUH/PMqQOMZoQ/RmDlwnTLQrwYto+gHYjRG+i/IbsB1eDx32NQ==",
      "license": "Apache-2.0",
      "dependencies": {
        "module-details-from-path": "^1.0.3"
      }
    },
    "node_modules/is-core-module": {
      "version": "2.16.1",
      "resolved": "https://registry.npmjs.org/is-core-module/-/is-core-module-2.16.1.tgz",
      "integrity": "sha512-UfoeMA6fIJ8wTYFEUjelnaGI67v6+N7qXJEvQuIGa99l4xsCruSYOVSQ0uPANn4dAzm8lkYPaKLrrijLq7x23w==",
      "license": "MIT",
      "dependencies": {
        "hasown": "^2.0.2"
      },
      "engines": {
        "node": ">= 0.4"
      },
      "funding": {
        "url": "https://github.com/sponsors/ljharb"
      }
    },
    "node_modules/lodash.merge": {
      "version": "4.6.2",
      "resolved": "https://registry.npmjs.org/lodash.merge/-/lodash.merge-4.6.2.tgz",
      "integrity": "sha512-0KpjqXRVvrYyCsX1swR/XTK0va6VQkQM6MNo7PqW77ByjAhoARA8EfrP1N4+KlKj8YS0ZUCtRT/YUuhyYDujIQ==",
      "license": "MIT"
    },
    "node_modules/module-details-from-path": {
      "version": "1.0.3",
      "resolved": "https://registry.npmjs.org/module-details-from-path/-/module-details-from-path-1.0.3.tgz",
      "integrity": "sha512-ySViT69/76t8VhE1xXHK6Ch4NcDd26gx0MzKXLO+F7NOtnqH68d9zF94nT8ZWSxXh8ELOERsnJO/sWt1xZYw5A==",
      "license": "MIT"
    },
    "node_modules/ms": {
      "version": "2.1.3",
      "resolved": "https://registry.npmjs.org/ms/-/ms-2.1.3.tgz",
      "integrity": "sha512-6FlzubTLZG3J2a/NVCAleEhjzq5oxgHyaCU9yYXvcLsvoVaHJq/s5xXI6/XXP6tz7R9xAOtHnSO/tXtF3WRTlA==",
      "license": "MIT"
    },
    "node_modules/path-parse": {
      "version": "1.0.7",
      "resolved": "https://registry.npmjs.org/path-parse/-/path-parse-1.0.7.tgz",
      "integrity": "sha512-LDJzPVEEEPR+y48z93A0Ed0yXb8pAByGWo/k5YYdYgpY2/2EsOsksJrq7lOHxryrVOn1ejG6oAp8ahvOIQD8sw==",
      "license": "MIT"
    },
    "node_modules/require-in-the-middle": {
      "version": "7.4.0",
      "resolved": "https://registry.npmjs.org/require-in-the-middle/-/require-in-the-middle-7.4.0.tgz",
      "integrity": "sha512-X34iHADNbNDfr6OTStIAHWSAvvKQRYgLO6duASaVf7J2VA3lvmNYboAHOuLC2huav1IwgZJtyEcJCKVzFxOSMQ==",
      "license": "MIT",
      "dependencies": {
        "debug": "^4.3.5",
        "module-details-from-path": "^1.0.3",
        "resolve": "^1.22.8"
      },
      "engines": {
        "node": ">=8.6.0"
      }
    },
    "node_modules/resolve": {
      "version": "1.22.10",
      "resolved": "https://registry.npmjs.org/resolve/-/resolve-1.22.10.tgz",
      "integrity": "sha512-NPRy+/ncIMeDlTAsuqwKIiferiawhefFJtkNSW0qZJEqMEb+qBt/77B/jGeeek+F0uOeN05CDa6HXbbIgtVX4w==",
      "license": "MIT",
      "dependencies": {
        "is-core-module": "^2.16.0",
        "path-parse": "^1.0.7",
        "supports-preserve-symlinks-flag": "^1.0.0"
      },
      "bin": {
        "resolve": "bin/resolve"
      },
      "engines": {
        "node": ">= 0.4"
      },
      "funding": {
        "url": "https://github.com/sponsors/ljharb"
      }
    },
    "node_modules/semver": {
      "version": "7.6.3",
      "resolved": "https://registry.npmjs.org/semver/-/semver-7.6.3.tgz",
      "integrity": "sha512-oVekP1cKtI+CTDvHWYFUcMtsK/00wmAEfyqKfNdARm8u1wNVhSgaX7A8d4UuIlUI5e84iEwOhs7ZPYRmzU9U6A==",
      "license": "ISC",
      "bin": {
        "semver": "bin/semver.js"
      },
      "engines": {
        "node": ">=10"
      }
    },
    "node_modules/shimmer": {
      "version": "1.2.1",
      "resolved": "https://registry.npmjs.org/shimmer/-/shimmer-1.2.1.tgz",
      "integrity": "sha512-sQTKC1Re/rM6XyFM6fIAGHRPVGvyXfgzIDvzoq608vM+jeyVD0Tu1E6Np0Kc2zAIFWIj963V2800iF/9LPieQw==",
      "license": "BSD-2-Clause"
    },
    "node_modules/supports-preserve-symlinks-flag": {
      "version": "1.0.0",
      "resolved": "https://registry.npmjs.org/supports-preserve-symlinks-flag/-/supports-preserve-symlinks-flag-1.0.0.tgz",
      "integrity": "sha512-ot0WnXS9fgdkgIcePe6RHNk1WA8+muPa6cSjeR3V8K27q9BB1rTE3R1p7Hv0z1ZyAc8s6Vvv8DIyWf681MAt0w==",
      "license": "MIT",
      "engines": {
        "node": ">= 0.4"
      },
      "funding": {
        "url": "https://github.com/sponsors/ljharb"
      }
    },
    "node_modules/tslib": {
      "version": "2.8.1",
      "resolved": "https://registry.npmjs.org/tslib/-/tslib-2.8.1.tgz",
      "integrity": "sha512-oJFu94HQb+KVduSUQL7wnpmqnfmLsOA/nAh6b6EH0wCEoK0/mPeXU6c3wKDV83MkOuHPRHtSXKKU99IBazS/2w==",
      "license": "0BSD"
    },
    "node_modules/zone.js": {
      "version": "0.11.4",
      "resolved": "https://registry.npmjs.org/zone.js/-/zone.js-0.11.4.tgz",
      "integrity": "sha512-DDh2Ab+A/B+9mJyajPjHFPWfYU1H+pdun4wnnk0OcQTNjem1XQSZ2CDW+rfZEUDjv5M19SBqAkjZi0x5wuB5Qw==",
      "license": "MIT",
      "dependencies": {
        "tslib": "^2.0.0"
      }
    }
  }
}
